
Microsoft Visual Studio Solution File, Format Version 12.00
# Visual Studio Version 17
VisualStudioVersion = 17.0.31912.275
MinimumVisualStudioVersion = 10.0.40219.1
Project("{FAE04EC0-301F-11D3-BF4B-00C04F79EFBC}") = "Lab 04", "Lab 04\Lab 04.csproj", "{F15913B8-F94F-489F-9E6F-BE7B30FD031C}"
EndProject
Global
	GlobalSection(SolutionConfigurationPlatforms) = preSolution
		Debug|Any CPU = Debug|Any CPU
		Release|Any CPU = Release|Any CPU
	EndGlobalSection
	GlobalSection(ProjectConfigurationPlatforms) = postSolution
		{F15913B8-F94F-489F-9E6F-BE7B30FD031C}.Debug|Any CPU.ActiveCfg = Debug|Any CPU
		{F15913B8-F94F-489F-9E6F-BE7B30FD031C}.Debug|Any CPU.Build.0 = Debug|Any CPU
		{F15913B8-F94F-489F-9E6F-BE7B30FD031C}.Release|Any CPU.ActiveCfg = Release|Any CPU
		{F15913B8-F94F-489F-9E6F-BE7B30FD031C}.Release|Any CPU.Build.0 = Release|Any CPU
	EndGlobalSection
	GlobalSection(SolutionProperties) = preSolution
		HideSolutionNode = FALSE
	EndGlobalSection
	GlobalSection(ExtensibilityGlobals) = postSolution
		SolutionGuid = {B5879DD1-6F44-4CB4-881B-D8B79FAA9608}
	EndGlobalSection
EndGlobal
