
Microsoft Visual Studio Solution File, Format Version 12.00
# Visual Studio Version 17
VisualStudioVersion = 17.0.32014.148
MinimumVisualStudioVersion = 10.0.40219.1
Project("{FAE04EC0-301F-11D3-BF4B-00C04F79EFBC}") = "StudentCourseEnrollment", "StudentCourseEnrollment.csproj", "{CE9504ED-F7FE-44EE-B66A-AC97EF43E59D}"
EndProject
Global
	GlobalSection(SolutionConfigurationPlatforms) = preSolution
		Debug|Any CPU = Debug|Any CPU
		Release|Any CPU = Release|Any CPU
	EndGlobalSection
	GlobalSection(ProjectConfigurationPlatforms) = postSolution
		{CE9504ED-F7FE-44EE-B66A-AC97EF43E59D}.Debug|Any CPU.ActiveCfg = Debug|Any CPU
		{CE9504ED-F7FE-44EE-B66A-AC97EF43E59D}.Debug|Any CPU.Build.0 = Debug|Any CPU
		{CE9504ED-F7FE-44EE-B66A-AC97EF43E59D}.Release|Any CPU.ActiveCfg = Release|Any CPU
		{CE9504ED-F7FE-44EE-B66A-AC97EF43E59D}.Release|Any CPU.Build.0 = Release|Any CPU
	EndGlobalSection
	GlobalSection(SolutionProperties) = preSolution
		HideSolutionNode = FALSE
	EndGlobalSection
	GlobalSection(ExtensibilityGlobals) = postSolution
		SolutionGuid = {1F297069-92EA-4EDD-820C-B0AD29A88279}
	EndGlobalSection
EndGlobal
