
Microsoft Visual Studio Solution File, Format Version 12.00
# Visual Studio Version 17
VisualStudioVersion = 17.0.31912.275
MinimumVisualStudioVersion = 10.0.40219.1
Project("{FAE04EC0-301F-11D3-BF4B-00C04F79EFBC}") = "TicTacToeGame", "TicTacToeGame\TicTacToeGame.csproj", "{F7DD52E4-E006-4526-B748-6CC029FD2588}"
EndProject
Global
	GlobalSection(SolutionConfigurationPlatforms) = preSolution
		Debug|Any CPU = Debug|Any CPU
		Release|Any CPU = Release|Any CPU
	EndGlobalSection
	GlobalSection(ProjectConfigurationPlatforms) = postSolution
		{F7DD52E4-E006-4526-B748-6CC029FD2588}.Debug|Any CPU.ActiveCfg = Debug|Any CPU
		{F7DD52E4-E006-4526-B748-6CC029FD2588}.Debug|Any CPU.Build.0 = Debug|Any CPU
		{F7DD52E4-E006-4526-B748-6CC029FD2588}.Release|Any CPU.ActiveCfg = Release|Any CPU
		{F7DD52E4-E006-4526-B748-6CC029FD2588}.Release|Any CPU.Build.0 = Release|Any CPU
	EndGlobalSection
	GlobalSection(SolutionProperties) = preSolution
		HideSolutionNode = FALSE
	EndGlobalSection
	GlobalSection(ExtensibilityGlobals) = postSolution
		SolutionGuid = {4A7E36C9-5A0B-4257-88DF-B7AD04F8050C}
	EndGlobalSection
EndGlobal
