
Microsoft Visual Studio Solution File, Format Version 12.00
# Visual Studio Version 17
VisualStudioVersion = 17.0.31912.275
MinimumVisualStudioVersion = 10.0.40219.1
Project("{FAE04EC0-301F-11D3-BF4B-00C04F79EFBC}") = "RPS", "RPS\RPS.csproj", "{46174ED3-D85E-47D2-81DC-0543C2B96BFF}"
EndProject
Global
	GlobalSection(SolutionConfigurationPlatforms) = preSolution
		Debug|Any CPU = Debug|Any CPU
		Release|Any CPU = Release|Any CPU
	EndGlobalSection
	GlobalSection(ProjectConfigurationPlatforms) = postSolution
		{46174ED3-D85E-47D2-81DC-0543C2B96BFF}.Debug|Any CPU.ActiveCfg = Debug|Any CPU
		{46174ED3-D85E-47D2-81DC-0543C2B96BFF}.Debug|Any CPU.Build.0 = Debug|Any CPU
		{46174ED3-D85E-47D2-81DC-0543C2B96BFF}.Release|Any CPU.ActiveCfg = Release|Any CPU
		{46174ED3-D85E-47D2-81DC-0543C2B96BFF}.Release|Any CPU.Build.0 = Release|Any CPU
	EndGlobalSection
	GlobalSection(SolutionProperties) = preSolution
		HideSolutionNode = FALSE
	EndGlobalSection
	GlobalSection(ExtensibilityGlobals) = postSolution
		SolutionGuid = {1DA7198B-3A98-4CB6-8B56-4B26D991554B}
	EndGlobalSection
EndGlobal
